
Microsoft Visual Studio Solution File, Format Version 12.00
# Visual Studio Version 16
VisualStudioVersion = 16.0.29102.190
MinimumVisualStudioVersion = 10.0.40219.1
Project("{FAE04EC0-301F-11D3-BF4B-00C04F79EFBC}") = "addressbook-web-tests", "addressbook-web-tests\addressbook-web-tests.csproj", "{B68ACEFE-7538-4A75-890A-F97F7549DFDC}"
EndProject
Global
	GlobalSection(SolutionConfigurationPlatforms) = preSolution
		Debug|Any CPU = Debug|Any CPU
		Release|Any CPU = Release|Any CPU
	EndGlobalSection
	GlobalSection(ProjectConfigurationPlatforms) = postSolution
		{B68ACEFE-7538-4A75-890A-F97F7549DFDC}.Debug|Any CPU.ActiveCfg = Debug|Any CPU
		{B68ACEFE-7538-4A75-890A-F97F7549DFDC}.Debug|Any CPU.Build.0 = Debug|Any CPU
		{B68ACEFE-7538-4A75-890A-F97F7549DFDC}.Release|Any CPU.ActiveCfg = Release|Any CPU
		{B68ACEFE-7538-4A75-890A-F97F7549DFDC}.Release|Any CPU.Build.0 = Release|Any CPU
	EndGlobalSection
	GlobalSection(SolutionProperties) = preSolution
		HideSolutionNode = FALSE
	EndGlobalSection
	GlobalSection(ExtensibilityGlobals) = postSolution
		SolutionGuid = {FF1867E5-90E1-4E46-84A6-1A920E6D4212}
	EndGlobalSection
EndGlobal
